<?xml version="1.0" encoding="utf-8"?>
<Project ToolsVersion="4.0" xmlns="http://schemas.microsoft.com/developer/msbuild/2003">
  <ItemGroup>
    <Filter Include="Source Files">
      <UniqueIdentifier>{4FC737F1-C7A5-4376-A066-2A32D752A2FF}</UniqueIdentifier>
      <Extensions>cpp;c;cc;cxx;c++;cppm;ixx;def;odl;idl;hpj;bat;asm;asmx</Extensions>
    </Filter>
    <Filter Include="Header Files">
      <UniqueIdentifier>{93995380-89BD-4b04-88EB-625FBE52EBFB}</UniqueIdentifier>
      <Extensions>h;hh;hpp;hxx;h++;hm;inl;inc;ipp;xsd</Extensions>
    </Filter>
    <Filter Include="Resource Files">
      <UniqueIdentifier>{67DA6AB6-F800-4c08-8B7A-83BB121AAD01}</UniqueIdentifier>
      <Extensions>rc;ico;cur;bmp;dlg;rc2;rct;bin;rgs;gif;jpg;jpeg;jpe;resx;tiff;tif;png;wav;mfcribbon-ms</Extensions>
    </Filter>
    <Filter Include="Lamia">
      <UniqueIdentifier>{d0d00179-1591-4e3a-885e-e60906a56f7d}</UniqueIdentifier>
    </Filter>
    <Filter Include="Obuscation">
      <UniqueIdentifier>{6dc42210-d7aa-405f-9ec1-a426146fed6d}</UniqueIdentifier>
    </Filter>
    <Filter Include="Common">
      <UniqueIdentifier>{5561d18f-c093-4576-a0bd-deb0cfbc8142}</UniqueIdentifier>
    </Filter>
    <Filter Include="Operation">
      <UniqueIdentifier>{4b755e1b-ad1f-459f-a441-1a78b8a30a5c}</UniqueIdentifier>
    </Filter>
  </ItemGroup>
  <ItemGroup>
    <ClCompile Include="main.c">
      <Filter>Source Files</Filter>
    </ClCompile>
    <ClCompile Include="Lamia.c">
      <Filter>Lamia</Filter>
    </ClCompile>
    <ClCompile Include="Common.c">
      <Filter>Common</Filter>
    </ClCompile>
    <ClCompile Include="ApiHashing.c">
      <Filter>Operation</Filter>
    </ClCompile>
    <ClCompile Include="Inject.c">
      <Filter>Lamia</Filter>
    </ClCompile>
    <ClCompile Include="unhook.c">
      <Filter>Operation</Filter>
    </ClCompile>
  </ItemGroup>
  <ItemGroup>
    <ClInclude Include="Common.h">
      <Filter>Common</Filter>
    </ClInclude>
    <ClInclude Include="Structs.h">
      <Filter>Common</Filter>
    </ClInclude>
    <ClInclude Include="FunctionPointers.h">
      <Filter>Common</Filter>
    </ClInclude>
    <ClInclude Include="Debug.h">
      <Filter>Common</Filter>
    </ClInclude>
  </ItemGroup>
  <ItemGroup>
    <MASM Include="Lsyscall.asm">
      <Filter>Lamia</Filter>
    </MASM>
  </ItemGroup>
</Project>